dependencies:
- name: crds
  repository: ""
  version: 0.0.0
- name: kube-state-metrics
  repository: https://prometheus-community.github.io/helm-charts
  version: 7.2.0
- name: prometheus-node-exporter
  repository: https://prometheus-community.github.io/helm-charts
  version: 4.52.0
- name: grafana
  repository: https://grafana-community.github.io/helm-charts
  version: 11.3.2
- name: prometheus-windows-exporter
  repository: https://prometheus-community.github.io/helm-charts
  version: 0.12.3
digest: sha256:1e2303451ec9629d4f5d0927b126306791cf098cbfc2c9108bca9379a74a76a8
generated: "2026-03-10T10:09:18.184939383Z"
