dependencies:
- name: kube-state-metrics
  repository: https://prometheus-community.github.io/helm-charts
  version: 5.8.1
- name: prometheus-node-exporter
  repository: https://prometheus-community.github.io/helm-charts
  version: 4.18.1
- name: grafana
  repository: https://grafana.github.io/helm-charts
  version: 6.57.4
digest: sha256:1ac2a9e599dd0d896fcc2f9e3264c99e0f72bbcd9468e0e7da6bb8cc53bc3d2f
generated: "2023-06-28T07:17:06.807221986Z"
