dependencies:
- name: crds
  repository: ""
  version: 0.0.0
- name: kube-state-metrics
  repository: https://prometheus-community.github.io/helm-charts
  version: 5.19.0
- name: prometheus-node-exporter
  repository: https://prometheus-community.github.io/helm-charts
  version: 4.34.0
- name: grafana
  repository: https://grafana.github.io/helm-charts
  version: 7.3.11
- name: prometheus-windows-exporter
  repository: https://prometheus-community.github.io/helm-charts
  version: 0.3.1
digest: sha256:77a0bb5d155631d60f4db778a1cdc5ccd0e461cf84f435d99f72437c5b3edadc
generated: "2024-05-15T14:07:57.477657435Z"
