dependencies:
- name: crds
  repository: ""
  version: 0.0.0
- name: kube-state-metrics
  repository: https://prometheus-community.github.io/helm-charts
  version: 6.3.0
- name: prometheus-node-exporter
  repository: https://prometheus-community.github.io/helm-charts
  version: 4.47.3
- name: grafana
  repository: https://grafana.github.io/helm-charts
  version: 9.4.4
- name: prometheus-windows-exporter
  repository: https://prometheus-community.github.io/helm-charts
  version: 0.12.2
digest: sha256:9d732f131e044a54159eab660549f9484ed716a3ce3290caa8cab6e7c926f5a4
generated: "2025-09-09T18:05:12.45795003Z"
