dependencies:
- name: crds
  repository: ""
  version: 0.0.0
- name: kube-state-metrics
  repository: https://prometheus-community.github.io/helm-charts
  version: 5.33.2
- name: prometheus-node-exporter
  repository: https://prometheus-community.github.io/helm-charts
  version: 4.46.1
- name: grafana
  repository: https://grafana.github.io/helm-charts
  version: 9.2.1
- name: prometheus-windows-exporter
  repository: https://prometheus-community.github.io/helm-charts
  version: 0.10.2
digest: sha256:3e5fce8bd854987be2beaa39cc1460bd3efd70e73fc1cc04b8fe568cdf4bc8f8
generated: "2025-06-02T13:47:53.376525267Z"
