dependencies:
- name: crds
  repository: ""
  version: 0.0.0
- name: kube-state-metrics
  repository: https://prometheus-community.github.io/helm-charts
  version: 6.3.0
- name: prometheus-node-exporter
  repository: https://prometheus-community.github.io/helm-charts
  version: 4.47.3
- name: grafana
  repository: https://grafana.github.io/helm-charts
  version: 9.4.4
- name: prometheus-windows-exporter
  repository: https://prometheus-community.github.io/helm-charts
  version: 0.12.1
digest: sha256:0a7d51017ee8b2ad2a168c47d95f4c69affdf681e5e3a353940a43487362546f
generated: "2025-09-03T10:38:20.057341143Z"
