dependencies:
- name: crds
  repository: ""
  version: 0.0.0
- name: kube-state-metrics
  repository: https://prometheus-community.github.io/helm-charts
  version: 5.26.0
- name: prometheus-node-exporter
  repository: https://prometheus-community.github.io/helm-charts
  version: 4.39.0
- name: grafana
  repository: https://grafana.github.io/helm-charts
  version: 8.5.2
- name: prometheus-windows-exporter
  repository: https://prometheus-community.github.io/helm-charts
  version: 0.7.0
digest: sha256:8dd360f3f6af86896875fbffb457ddedde6179037d01cc330147f9aebd2bab33
generated: "2024-10-12T07:30:36.974440142Z"
